
Microsoft Visual Studio Solution File, Format Version 11.00
# Visual Studio 2010
Project("{FAE04EC0-301F-11D3-BF4B-00C04F79EFBC}") = "SpecFlowDocCreator", "SpecFlowDocCreator\SpecFlowDocCreator.csproj", "{07566B44-C85C-4F8D-AECB-5FC81CFC13AD}"
EndProject
Project("{FAE04EC0-301F-11D3-BF4B-00C04F79EFBC}") = "Tests", "Tests\Tests.csproj", "{BB3538D6-6621-4295-8B3B-EBCA7398397A}"
EndProject
Project("{2150E333-8FDC-42A3-9474-1A3956D46DE8}") = "Solution Items", "Solution Items", "{C5F7BC4E-1049-4F71-8429-5998F736AB28}"
	ProjectSection(SolutionItems) = preProject
		SpecFlow.DocCreator mockup.png = SpecFlow.DocCreator mockup.png
	EndProjectSection
EndProject
Project("{FAE04EC0-301F-11D3-BF4B-00C04F79EFBC}") = "TestData.Specs", "TestData.Specs\TestData.Specs.csproj", "{09EFDB9F-73B5-4BA4-97A6-69CF17B53806}"
EndProject
Project("{2150E333-8FDC-42A3-9474-1A3956D46DE8}") = "SpecFlow.DocCreator.Examplepage", "SpecFlow.DocCreator.Examplepage", "{329EB33E-DD7A-4A5F-87E8-25379373F4B2}"
	ProjectSection(SolutionItems) = preProject
		SpecFlow.DocCreator.Examplepage\index.html = SpecFlow.DocCreator.Examplepage\index.html
		SpecFlow.DocCreator.Examplepage\livingdocsApp.js = SpecFlow.DocCreator.Examplepage\livingdocsApp.js
		SpecFlow.DocCreator.Examplepage\screen.css = SpecFlow.DocCreator.Examplepage\screen.css
	EndProjectSection
EndProject
Global
	GlobalSection(SolutionConfigurationPlatforms) = preSolution
		Debug|Any CPU = Debug|Any CPU
		Debug|Mixed Platforms = Debug|Mixed Platforms
		Debug|x86 = Debug|x86
		Release|Any CPU = Release|Any CPU
		Release|Mixed Platforms = Release|Mixed Platforms
		Release|x86 = Release|x86
	EndGlobalSection
	GlobalSection(ProjectConfigurationPlatforms) = postSolution
		{07566B44-C85C-4F8D-AECB-5FC81CFC13AD}.Debug|Any CPU.ActiveCfg = Debug|x86
		{07566B44-C85C-4F8D-AECB-5FC81CFC13AD}.Debug|Mixed Platforms.ActiveCfg = Debug|x86
		{07566B44-C85C-4F8D-AECB-5FC81CFC13AD}.Debug|Mixed Platforms.Build.0 = Debug|x86
		{07566B44-C85C-4F8D-AECB-5FC81CFC13AD}.Debug|x86.ActiveCfg = Debug|x86
		{07566B44-C85C-4F8D-AECB-5FC81CFC13AD}.Debug|x86.Build.0 = Debug|x86
		{07566B44-C85C-4F8D-AECB-5FC81CFC13AD}.Release|Any CPU.ActiveCfg = Release|x86
		{07566B44-C85C-4F8D-AECB-5FC81CFC13AD}.Release|Mixed Platforms.ActiveCfg = Release|x86
		{07566B44-C85C-4F8D-AECB-5FC81CFC13AD}.Release|Mixed Platforms.Build.0 = Release|x86
		{07566B44-C85C-4F8D-AECB-5FC81CFC13AD}.Release|x86.ActiveCfg = Release|x86
		{07566B44-C85C-4F8D-AECB-5FC81CFC13AD}.Release|x86.Build.0 = Release|x86
		{BB3538D6-6621-4295-8B3B-EBCA7398397A}.Debug|Any CPU.ActiveCfg = Debug|Any CPU
		{BB3538D6-6621-4295-8B3B-EBCA7398397A}.Debug|Any CPU.Build.0 = Debug|Any CPU
		{BB3538D6-6621-4295-8B3B-EBCA7398397A}.Debug|Mixed Platforms.ActiveCfg = Debug|Any CPU
		{BB3538D6-6621-4295-8B3B-EBCA7398397A}.Debug|Mixed Platforms.Build.0 = Debug|Any CPU
		{BB3538D6-6621-4295-8B3B-EBCA7398397A}.Debug|x86.ActiveCfg = Debug|Any CPU
		{BB3538D6-6621-4295-8B3B-EBCA7398397A}.Release|Any CPU.ActiveCfg = Release|Any CPU
		{BB3538D6-6621-4295-8B3B-EBCA7398397A}.Release|Any CPU.Build.0 = Release|Any CPU
		{BB3538D6-6621-4295-8B3B-EBCA7398397A}.Release|Mixed Platforms.ActiveCfg = Release|Any CPU
		{BB3538D6-6621-4295-8B3B-EBCA7398397A}.Release|Mixed Platforms.Build.0 = Release|Any CPU
		{BB3538D6-6621-4295-8B3B-EBCA7398397A}.Release|x86.ActiveCfg = Release|Any CPU
		{09EFDB9F-73B5-4BA4-97A6-69CF17B53806}.Debug|Any CPU.ActiveCfg = Debug|Any CPU
		{09EFDB9F-73B5-4BA4-97A6-69CF17B53806}.Debug|Any CPU.Build.0 = Debug|Any CPU
		{09EFDB9F-73B5-4BA4-97A6-69CF17B53806}.Debug|Mixed Platforms.ActiveCfg = Debug|Any CPU
		{09EFDB9F-73B5-4BA4-97A6-69CF17B53806}.Debug|Mixed Platforms.Build.0 = Debug|Any CPU
		{09EFDB9F-73B5-4BA4-97A6-69CF17B53806}.Debug|x86.ActiveCfg = Debug|Any CPU
		{09EFDB9F-73B5-4BA4-97A6-69CF17B53806}.Release|Any CPU.ActiveCfg = Release|Any CPU
		{09EFDB9F-73B5-4BA4-97A6-69CF17B53806}.Release|Any CPU.Build.0 = Release|Any CPU
		{09EFDB9F-73B5-4BA4-97A6-69CF17B53806}.Release|Mixed Platforms.ActiveCfg = Release|Any CPU
		{09EFDB9F-73B5-4BA4-97A6-69CF17B53806}.Release|Mixed Platforms.Build.0 = Release|Any CPU
		{09EFDB9F-73B5-4BA4-97A6-69CF17B53806}.Release|x86.ActiveCfg = Release|Any CPU
	EndGlobalSection
	GlobalSection(SolutionProperties) = preSolution
		HideSolutionNode = FALSE
	EndGlobalSection
	GlobalSection(NestedProjects) = preSolution
		{329EB33E-DD7A-4A5F-87E8-25379373F4B2} = {C5F7BC4E-1049-4F71-8429-5998F736AB28}
	EndGlobalSection
EndGlobal
